// !$*UTF8*$!
{
	archiveVersion = 1;
	classes = {
	};
	objectVersion = 46;
	objects = {

/* Begin PBXBuildFile section */
		0419319E1814DA58007702FB /* AKSDKManager.h in Headers */ = {isa = PBXBuildFile; fileRef = 0419319C1814DA58007702FB /* AKSDKManager.h */; settings = {ATTRIBUTES = (Public, ); }; };
		0419319F1814DA58007702FB /* AKSDKManager.mm in Sources */ = {isa = PBXBuildFile; fileRef = 0419319D1814DA58007702FB /* AKSDKManager.mm */; };
		041931A21814DD07007702FB /* AKWeiboFactory.h in Headers */ = {isa = PBXBuildFile; fileRef = 041931A01814DD07007702FB /* AKWeiboFactory.h */; settings = {ATTRIBUTES = (Public, ); }; };
		041931A31814DD07007702FB /* AKWeiboFactory.mm in Sources */ = {isa = PBXBuildFile; fileRef = 041931A11814DD07007702FB /* AKWeiboFactory.mm */; };
		042B5695180FB256009CC479 /* AKVariableParams.h in Headers */ = {isa = PBXBuildFile; fileRef = 042B5693180FB256009CC479 /* AKVariableParams.h */; settings = {ATTRIBUTES = (Public, ); }; };
		042B5696180FB256009CC479 /* AKVariableParams.mm in Sources */ = {isa = PBXBuildFile; fileRef = 042B5694180FB256009CC479 /* AKVariableParams.mm */; };
		042B5699180FB332009CC479 /* AKID.h in Headers */ = {isa = PBXBuildFile; fileRef = 042B5697180FB332009CC479 /* AKID.h */; settings = {ATTRIBUTES = (Public, ); }; };
		042B569A180FB332009CC479 /* AKID.mm in Sources */ = {isa = PBXBuildFile; fileRef = 042B5698180FB332009CC479 /* AKID.mm */; };
		042B569D180FB887009CC479 /* AKWeiboDef.h in Headers */ = {isa = PBXBuildFile; fileRef = 042B569B180FB887009CC479 /* AKWeiboDef.h */; settings = {ATTRIBUTES = (Public, ); }; };
		042B569E180FB887009CC479 /* AKWeiboDef.mm in Sources */ = {isa = PBXBuildFile; fileRef = 042B569C180FB887009CC479 /* AKWeiboDef.mm */; };
		0458D1501810E0280025D660 /* AKWeiboMethod.h in Headers */ = {isa = PBXBuildFile; fileRef = 0458D14E1810E0280025D660 /* AKWeiboMethod.h */; settings = {ATTRIBUTES = (Public, ); }; };
		0458D1511810E0280025D660 /* AKWeiboMethod.mm in Sources */ = {isa = PBXBuildFile; fileRef = 0458D14F1810E0280025D660 /* AKWeiboMethod.mm */; };
		0458D1541810F46B0025D660 /* AKWeibo.h in Headers */ = {isa = PBXBuildFile; fileRef = 0458D1521810F46B0025D660 /* AKWeibo.h */; settings = {ATTRIBUTES = (Public, ); }; };
		0458D1551810F46B0025D660 /* AKWeibo.mm in Sources */ = {isa = PBXBuildFile; fileRef = 0458D1531810F46B0025D660 /* AKWeibo.mm */; };
		0458D1581810FC8E0025D660 /* AKParsingObject.h in Headers */ = {isa = PBXBuildFile; fileRef = 0458D1561810FC8E0025D660 /* AKParsingObject.h */; settings = {ATTRIBUTES = (Public, ); }; };
		0458D1591810FC8E0025D660 /* AKParsingObject.mm in Sources */ = {isa = PBXBuildFile; fileRef = 0458D1571810FC8E0025D660 /* AKParsingObject.mm */; };
		0458D15C1811061A0025D660 /* AKParsingHandle.h in Headers */ = {isa = PBXBuildFile; fileRef = 0458D15A1811061A0025D660 /* AKParsingHandle.h */; settings = {ATTRIBUTES = (Public, ); }; };
		0458D15D1811061A0025D660 /* AKParsingHandle.mm in Sources */ = {isa = PBXBuildFile; fileRef = 0458D15B1811061A0025D660 /* AKParsingHandle.mm */; };
		3737F0031852D276003694BE /* NSString+NSString_Extended.h in Headers */ = {isa = PBXBuildFile; fileRef = 3737F0011852D276003694BE /* NSString+NSString_Extended.h */; };
		3737F0041852D276003694BE /* NSString+NSString_Extended.m in Sources */ = {isa = PBXBuildFile; fileRef = 3737F0021852D276003694BE /* NSString+NSString_Extended.m */; };
		3744267B185219920054AFF7 /* AKSDKHelper.h in Headers */ = {isa = PBXBuildFile; fileRef = 37442679185219920054AFF7 /* AKSDKHelper.h */; };
		3744267C185219920054AFF7 /* AKSDKHelper.m in Sources */ = {isa = PBXBuildFile; fileRef = 3744267A185219920054AFF7 /* AKSDKHelper.m */; };
		3744267F18521D7A0054AFF7 /* AKWeiboRequest.h in Headers */ = {isa = PBXBuildFile; fileRef = 3744267D18521D7A0054AFF7 /* AKWeiboRequest.h */; };
		3744268018521D7A0054AFF7 /* AKWeiboRequest.m in Sources */ = {isa = PBXBuildFile; fileRef = 3744267E18521D7A0054AFF7 /* AKWeiboRequest.m */; };
		C06BAFB714E231C5005172A9 /* compat.hxx in Headers */ = {isa = PBXBuildFile; fileRef = C06BAFB214E231C4005172A9 /* compat.hxx */; settings = {ATTRIBUTES = (); }; };
		C06BAFB814E231C5005172A9 /* IWeibo.hxx in Headers */ = {isa = PBXBuildFile; fileRef = C06BAFB314E231C4005172A9 /* IWeibo.hxx */; settings = {ATTRIBUTES = (); }; };
		C06BAFB914E231C5005172A9 /* IWeiboDef.hxx in Headers */ = {isa = PBXBuildFile; fileRef = C06BAFB414E231C4005172A9 /* IWeiboDef.hxx */; settings = {ATTRIBUTES = (); }; };
		C06BAFBA14E231C5005172A9 /* IWeiboMethod.hxx in Headers */ = {isa = PBXBuildFile; fileRef = C06BAFB514E231C4005172A9 /* IWeiboMethod.hxx */; settings = {ATTRIBUTES = (); }; };
		C06BAFBB14E231C5005172A9 /* ParsingObject.hxx in Headers */ = {isa = PBXBuildFile; fileRef = C06BAFB614E231C4005172A9 /* ParsingObject.hxx */; };
		C06BAFD914E231D8005172A9 /* config.h in Headers */ = {isa = PBXBuildFile; fileRef = C06BAFBE14E231D7005172A9 /* config.h */; };
		C06BAFDA14E231D8005172A9 /* ParsingHandle.cxx in Sources */ = {isa = PBXBuildFile; fileRef = C06BAFCF14E231D8005172A9 /* ParsingHandle.cxx */; };
		C06BAFDB14E231D8005172A9 /* ParsingHandle.hxx in Headers */ = {isa = PBXBuildFile; fileRef = C06BAFD014E231D8005172A9 /* ParsingHandle.hxx */; };
		C06BAFDC14E231D8005172A9 /* ParsingObject.cxx in Sources */ = {isa = PBXBuildFile; fileRef = C06BAFD114E231D8005172A9 /* ParsingObject.cxx */; };
		C06BAFDD14E231D8005172A9 /* SDKHelper.cxx in Sources */ = {isa = PBXBuildFile; fileRef = C06BAFD214E231D8005172A9 /* SDKHelper.cxx */; };
		C06BAFDE14E231D8005172A9 /* SDKHelper.hxx in Headers */ = {isa = PBXBuildFile; fileRef = C06BAFD314E231D8005172A9 /* SDKHelper.hxx */; };
		C06BAFDF14E231D8005172A9 /* SDKManager.cxx in Sources */ = {isa = PBXBuildFile; fileRef = C06BAFD414E231D8005172A9 /* SDKManager.cxx */; };
		C06BAFE014E231D8005172A9 /* SDKManager.hxx in Headers */ = {isa = PBXBuildFile; fileRef = C06BAFD514E231D8005172A9 /* SDKManager.hxx */; };
		C06BAFE114E231D8005172A9 /* SDKMethodImpl.cxx in Sources */ = {isa = PBXBuildFile; fileRef = C06BAFD614E231D8005172A9 /* SDKMethodImpl.cxx */; };
		C06BAFE214E231D8005172A9 /* SDKMethodImpl.hxx in Headers */ = {isa = PBXBuildFile; fileRef = C06BAFD714E231D8005172A9 /* SDKMethodImpl.hxx */; };
		C06BAFE314E231D8005172A9 /* SDKRequest.hxx in Headers */ = {isa = PBXBuildFile; fileRef = C06BAFD814E231D8005172A9 /* SDKRequest.hxx */; };
		C0FAC16E14E281BC00480D70 /* bbiconv.cc in Sources */ = {isa = PBXBuildFile; fileRef = C0FAC16814E281BC00480D70 /* bbiconv.cc */; };
		C0FAC16F14E281BC00480D70 /* bbiconv.h in Headers */ = {isa = PBXBuildFile; fileRef = C0FAC16914E281BC00480D70 /* bbiconv.h */; };
		C0FAC17014E281BC00480D70 /* strconv.cpp in Sources */ = {isa = PBXBuildFile; fileRef = C0FAC16A14E281BC00480D70 /* strconv.cpp */; };
		C0FAC17114E281BC00480D70 /* strconv.h in Headers */ = {isa = PBXBuildFile; fileRef = C0FAC16B14E281BC00480D70 /* strconv.h */; };
		C0FAC17214E281BC00480D70 /* Urlcode.cpp in Sources */ = {isa = PBXBuildFile; fileRef = C0FAC16C14E281BC00480D70 /* Urlcode.cpp */; };
		C0FAC17314E281BC00480D70 /* Urlcode.h in Headers */ = {isa = PBXBuildFile; fileRef = C0FAC16D14E281BC00480D70 /* Urlcode.h */; };
/* End PBXBuildFile section */

/* Begin PBXFileReference section */
		0419319C1814DA58007702FB /* AKSDKManager.h */ = {isa = PBXFileReference; fileEncoding = 4; lastKnownFileType = sourcecode.c.h; path = AKSDKManager.h; sourceTree = "<group>"; };
		0419319D1814DA58007702FB /* AKSDKManager.mm */ = {isa = PBXFileReference; fileEncoding = 4; lastKnownFileType = sourcecode.cpp.objcpp; path = AKSDKManager.mm; sourceTree = "<group>"; };
		041931A01814DD07007702FB /* AKWeiboFactory.h */ = {isa = PBXFileReference; fileEncoding = 4; lastKnownFileType = sourcecode.c.h; path = AKWeiboFactory.h; sourceTree = "<group>"; };
		041931A11814DD07007702FB /* AKWeiboFactory.mm */ = {isa = PBXFileReference; fileEncoding = 4; lastKnownFileType = sourcecode.cpp.objcpp; path = AKWeiboFactory.mm; sourceTree = "<group>"; };
		04243FA1181233500066E24A /* AKParsingMidCallback.h */ = {isa = PBXFileReference; lastKnownFileType = sourcecode.c.h; path = AKParsingMidCallback.h; sourceTree = "<group>"; };
		042B5693180FB256009CC479 /* AKVariableParams.h */ = {isa = PBXFileReference; fileEncoding = 4; lastKnownFileType = sourcecode.c.h; path = AKVariableParams.h; sourceTree = "<group>"; };
		042B5694180FB256009CC479 /* AKVariableParams.mm */ = {isa = PBXFileReference; fileEncoding = 4; lastKnownFileType = sourcecode.cpp.objcpp; path = AKVariableParams.mm; sourceTree = "<group>"; };
		042B5697180FB332009CC479 /* AKID.h */ = {isa = PBXFileReference; fileEncoding = 4; lastKnownFileType = sourcecode.c.h; path = AKID.h; sourceTree = "<group>"; };
		042B5698180FB332009CC479 /* AKID.mm */ = {isa = PBXFileReference; fileEncoding = 4; lastKnownFileType = sourcecode.cpp.objcpp; path = AKID.mm; sourceTree = "<group>"; };
		042B569B180FB887009CC479 /* AKWeiboDef.h */ = {isa = PBXFileReference; fileEncoding = 4; lastKnownFileType = sourcecode.c.h; path = AKWeiboDef.h; sourceTree = "<group>"; };
		042B569C180FB887009CC479 /* AKWeiboDef.mm */ = {isa = PBXFileReference; fileEncoding = 4; lastKnownFileType = sourcecode.cpp.objcpp; path = AKWeiboDef.mm; sourceTree = "<group>"; };
		0458D14E1810E0280025D660 /* AKWeiboMethod.h */ = {isa = PBXFileReference; fileEncoding = 4; lastKnownFileType = sourcecode.c.h; path = AKWeiboMethod.h; sourceTree = "<group>"; };
		0458D14F1810E0280025D660 /* AKWeiboMethod.mm */ = {isa = PBXFileReference; fileEncoding = 4; lastKnownFileType = sourcecode.cpp.objcpp; path = AKWeiboMethod.mm; sourceTree = "<group>"; };
		0458D1521810F46B0025D660 /* AKWeibo.h */ = {isa = PBXFileReference; fileEncoding = 4; lastKnownFileType = sourcecode.c.h; path = AKWeibo.h; sourceTree = "<group>"; };
		0458D1531810F46B0025D660 /* AKWeibo.mm */ = {isa = PBXFileReference; fileEncoding = 4; lastKnownFileType = sourcecode.cpp.objcpp; path = AKWeibo.mm; sourceTree = "<group>"; };
		0458D1561810FC8E0025D660 /* AKParsingObject.h */ = {isa = PBXFileReference; fileEncoding = 4; lastKnownFileType = sourcecode.c.h; path = AKParsingObject.h; sourceTree = "<group>"; };
		0458D1571810FC8E0025D660 /* AKParsingObject.mm */ = {isa = PBXFileReference; fileEncoding = 4; lastKnownFileType = sourcecode.cpp.objcpp; path = AKParsingObject.mm; sourceTree = "<group>"; };
		0458D15A1811061A0025D660 /* AKParsingHandle.h */ = {isa = PBXFileReference; fileEncoding = 4; lastKnownFileType = sourcecode.c.h; path = AKParsingHandle.h; sourceTree = "<group>"; };
		0458D15B1811061A0025D660 /* AKParsingHandle.mm */ = {isa = PBXFileReference; fileEncoding = 4; lastKnownFileType = sourcecode.cpp.objcpp; path = AKParsingHandle.mm; sourceTree = "<group>"; };
		3737F0011852D276003694BE /* NSString+NSString_Extended.h */ = {isa = PBXFileReference; fileEncoding = 4; lastKnownFileType = sourcecode.c.h; path = "NSString+NSString_Extended.h"; sourceTree = "<group>"; };
		3737F0021852D276003694BE /* NSString+NSString_Extended.m */ = {isa = PBXFileReference; fileEncoding = 4; lastKnownFileType = sourcecode.c.objc; path = "NSString+NSString_Extended.m"; sourceTree = "<group>"; };
		373F11ED184E346C00A4C8B7 /* XCTest.framework */ = {isa = PBXFileReference; lastKnownFileType = wrapper.framework; name = XCTest.framework; path = Library/Frameworks/XCTest.framework; sourceTree = DEVELOPER_DIR; };
		373F1206184E3A7100A4C8B7 /* weibosdkTests-Info.plist */ = {isa = PBXFileReference; lastKnownFileType = text.plist.xml; path = "weibosdkTests-Info.plist"; sourceTree = "<group>"; };
		373F1208184E3A7100A4C8B7 /* en */ = {isa = PBXFileReference; lastKnownFileType = text.plist.strings; name = en; path = en.lproj/InfoPlist.strings; sourceTree = "<group>"; };
		373F120A184E3A7100A4C8B7 /* weibosdkTests.m */ = {isa = PBXFileReference; lastKnownFileType = sourcecode.c.objc; path = weibosdkTests.m; sourceTree = "<group>"; };
		373F120C184E3A7100A4C8B7 /* weibosdkTests-Prefix.pch */ = {isa = PBXFileReference; lastKnownFileType = sourcecode.c.h; path = "weibosdkTests-Prefix.pch"; sourceTree = "<group>"; };
		37442679185219920054AFF7 /* AKSDKHelper.h */ = {isa = PBXFileReference; fileEncoding = 4; lastKnownFileType = sourcecode.c.h; path = AKSDKHelper.h; sourceTree = "<group>"; };
		3744267A185219920054AFF7 /* AKSDKHelper.m */ = {isa = PBXFileReference; fileEncoding = 4; lastKnownFileType = sourcecode.c.objc; path = AKSDKHelper.m; sourceTree = "<group>"; };
		3744267D18521D7A0054AFF7 /* AKWeiboRequest.h */ = {isa = PBXFileReference; fileEncoding = 4; lastKnownFileType = sourcecode.c.h; path = AKWeiboRequest.h; sourceTree = "<group>"; };
		3744267E18521D7A0054AFF7 /* AKWeiboRequest.m */ = {isa = PBXFileReference; fileEncoding = 4; lastKnownFileType = sourcecode.c.objc; path = AKWeiboRequest.m; sourceTree = "<group>"; };
		37DD5D38186DD37000B21C3B /* Header.h */ = {isa = PBXFileReference; lastKnownFileType = sourcecode.c.h; path = Header.h; sourceTree = "<group>"; };
		C06BAFB214E231C4005172A9 /* compat.hxx */ = {isa = PBXFileReference; fileEncoding = 4; lastKnownFileType = sourcecode.cpp.h; path = compat.hxx; sourceTree = "<group>"; };
		C06BAFB314E231C4005172A9 /* IWeibo.hxx */ = {isa = PBXFileReference; fileEncoding = 4; lastKnownFileType = sourcecode.cpp.h; path = IWeibo.hxx; sourceTree = "<group>"; };
		C06BAFB414E231C4005172A9 /* IWeiboDef.hxx */ = {isa = PBXFileReference; fileEncoding = 4; lastKnownFileType = sourcecode.cpp.h; path = IWeiboDef.hxx; sourceTree = "<group>"; };
		C06BAFB514E231C4005172A9 /* IWeiboMethod.hxx */ = {isa = PBXFileReference; fileEncoding = 4; lastKnownFileType = sourcecode.cpp.h; path = IWeiboMethod.hxx; sourceTree = "<group>"; };
		C06BAFB614E231C4005172A9 /* ParsingObject.hxx */ = {isa = PBXFileReference; fileEncoding = 4; lastKnownFileType = sourcecode.cpp.h; path = ParsingObject.hxx; sourceTree = "<group>"; };
		C06BAFBE14E231D7005172A9 /* config.h */ = {isa = PBXFileReference; fileEncoding = 4; lastKnownFileType = sourcecode.c.h; path = config.h; sourceTree = "<group>"; };
		C06BAFC014E231D7005172A9 /* Account.inl */ = {isa = PBXFileReference; fileEncoding = 4; lastKnownFileType = text; path = Account.inl; sourceTree = "<group>"; };
		C06BAFC114E231D7005172A9 /* Comment.inl */ = {isa = PBXFileReference; fileEncoding = 4; lastKnownFileType = text; path = Comment.inl; sourceTree = "<group>"; };
		C06BAFC214E231D8005172A9 /* DirectMessage.inl */ = {isa = PBXFileReference; fileEncoding = 4; lastKnownFileType = text; path = DirectMessage.inl; sourceTree = "<group>"; };
		C06BAFC314E231D8005172A9 /* Favorites.inl */ = {isa = PBXFileReference; fileEncoding = 4; lastKnownFileType = text; path = Favorites.inl; sourceTree = "<group>"; };
		C06BAFC414E231D8005172A9 /* FriendShip.inl */ = {isa = PBXFileReference; fileEncoding = 4; lastKnownFileType = text; path = FriendShip.inl; sourceTree = "<group>"; };
		C06BAFC514E231D8005172A9 /* Groups.inl */ = {isa = PBXFileReference; fileEncoding = 4; lastKnownFileType = text; path = Groups.inl; sourceTree = "<group>"; };
		C06BAFC614E231D8005172A9 /* Search.inl */ = {isa = PBXFileReference; fileEncoding = 4; lastKnownFileType = text; path = Search.inl; sourceTree = "<group>"; };
		C06BAFC714E231D8005172A9 /* ShortURL.inl */ = {isa = PBXFileReference; fileEncoding = 4; lastKnownFileType = text; path = ShortURL.inl; sourceTree = "<group>"; };
		C06BAFC814E231D8005172A9 /* Statuses.inl */ = {isa = PBXFileReference; fileEncoding = 4; lastKnownFileType = text; path = Statuses.inl; sourceTree = "<group>"; };
		C06BAFC914E231D8005172A9 /* Suggestions.inl */ = {isa = PBXFileReference; fileEncoding = 4; lastKnownFileType = text; path = Suggestions.inl; sourceTree = "<group>"; };
		C06BAFCA14E231D8005172A9 /* Tags.inl */ = {isa = PBXFileReference; fileEncoding = 4; lastKnownFileType = text; path = Tags.inl; sourceTree = "<group>"; };
		C06BAFCB14E231D8005172A9 /* Trends.inl */ = {isa = PBXFileReference; fileEncoding = 4; lastKnownFileType = text; path = Trends.inl; sourceTree = "<group>"; };
		C06BAFCC14E231D8005172A9 /* Unread.inl */ = {isa = PBXFileReference; fileEncoding = 4; lastKnownFileType = text; path = Unread.inl; sourceTree = "<group>"; };
		C06BAFCD14E231D8005172A9 /* Users.inl */ = {isa = PBXFileReference; fileEncoding = 4; lastKnownFileType = text; path = Users.inl; sourceTree = "<group>"; };
		C06BAFCF14E231D8005172A9 /* ParsingHandle.cxx */ = {isa = PBXFileReference; fileEncoding = 4; lastKnownFileType = sourcecode.cpp.cpp; path = ParsingHandle.cxx; sourceTree = "<group>"; };
		C06BAFD014E231D8005172A9 /* ParsingHandle.hxx */ = {isa = PBXFileReference; fileEncoding = 4; lastKnownFileType = sourcecode.cpp.h; path = ParsingHandle.hxx; sourceTree = "<group>"; };
		C06BAFD114E231D8005172A9 /* ParsingObject.cxx */ = {isa = PBXFileReference; fileEncoding = 4; lastKnownFileType = sourcecode.cpp.cpp; path = ParsingObject.cxx; sourceTree = "<group>"; };
		C06BAFD214E231D8005172A9 /* SDKHelper.cxx */ = {isa = PBXFileReference; fileEncoding = 4; lastKnownFileType = sourcecode.cpp.cpp; path = SDKHelper.cxx; sourceTree = "<group>"; };
		C06BAFD314E231D8005172A9 /* SDKHelper.hxx */ = {isa = PBXFileReference; fileEncoding = 4; lastKnownFileType = sourcecode.cpp.h; path = SDKHelper.hxx; sourceTree = "<group>"; };
		C06BAFD414E231D8005172A9 /* SDKManager.cxx */ = {isa = PBXFileReference; fileEncoding = 4; lastKnownFileType = sourcecode.cpp.cpp; path = SDKManager.cxx; sourceTree = "<group>"; };
		C06BAFD514E231D8005172A9 /* SDKManager.hxx */ = {isa = PBXFileReference; fileEncoding = 4; lastKnownFileType = sourcecode.cpp.h; path = SDKManager.hxx; sourceTree = "<group>"; };
		C06BAFD614E231D8005172A9 /* SDKMethodImpl.cxx */ = {isa = PBXFileReference; fileEncoding = 4; lastKnownFileType = sourcecode.cpp.cpp; path = SDKMethodImpl.cxx; sourceTree = "<group>"; };
		C06BAFD714E231D8005172A9 /* SDKMethodImpl.hxx */ = {isa = PBXFileReference; fileEncoding = 4; lastKnownFileType = sourcecode.cpp.h; path = SDKMethodImpl.hxx; sourceTree = "<group>"; };
		C06BAFD814E231D8005172A9 /* SDKRequest.hxx */ = {isa = PBXFileReference; fileEncoding = 4; lastKnownFileType = sourcecode.cpp.h; path = SDKRequest.hxx; sourceTree = "<group>"; };
		C0C6575814E2308D00C9B8C8 /* libweibosdk.a */ = {isa = PBXFileReference; explicitFileType = archive.ar; includeInIndex = 0; path = libweibosdk.a; sourceTree = BUILT_PRODUCTS_DIR; };
		C0FAC16814E281BC00480D70 /* bbiconv.cc */ = {isa = PBXFileReference; fileEncoding = 4; lastKnownFileType = sourcecode.cpp.cpp; name = bbiconv.cc; path = "../third-party/common/bbiconv.cc"; sourceTree = "<group>"; };
		C0FAC16914E281BC00480D70 /* bbiconv.h */ = {isa = PBXFileReference; fileEncoding = 4; lastKnownFileType = sourcecode.c.h; name = bbiconv.h; path = "../third-party/common/bbiconv.h"; sourceTree = "<group>"; };
		C0FAC16A14E281BC00480D70 /* strconv.cpp */ = {isa = PBXFileReference; fileEncoding = 4; lastKnownFileType = sourcecode.cpp.cpp; name = strconv.cpp; path = "../third-party/common/strconv.cpp"; sourceTree = "<group>"; };
		C0FAC16B14E281BC00480D70 /* strconv.h */ = {isa = PBXFileReference; fileEncoding = 4; lastKnownFileType = sourcecode.c.h; name = strconv.h; path = "../third-party/common/strconv.h"; sourceTree = "<group>"; };
		C0FAC16C14E281BC00480D70 /* Urlcode.cpp */ = {isa = PBXFileReference; fileEncoding = 4; lastKnownFileType = sourcecode.cpp.cpp; name = Urlcode.cpp; path = "../third-party/common/Urlcode.cpp"; sourceTree = "<group>"; };
		C0FAC16D14E281BC00480D70 /* Urlcode.h */ = {isa = PBXFileReference; fileEncoding = 4; lastKnownFileType = sourcecode.c.h; name = Urlcode.h; path = "../third-party/common/Urlcode.h"; sourceTree = "<group>"; };
/* End PBXFileReference section */

/* Begin PBXFrameworksBuildPhase section */
		C0C6575514E2308D00C9B8C8 /* Frameworks */ = {
			isa = PBXFrameworksBuildPhase;
			buildActionMask = 2147483647;
			files = (
			);
			runOnlyForDeploymentPostprocessing = 0;
		};
/* End PBXFrameworksBuildPhase section */

/* Begin PBXGroup section */
		373F11EC184E346C00A4C8B7 /* Frameworks */ = {
			isa = PBXGroup;
			children = (
				373F11ED184E346C00A4C8B7 /* XCTest.framework */,
			);
			name = Frameworks;
			sourceTree = "<group>";
		};
		373F1204184E3A7100A4C8B7 /* weibosdkTests */ = {
			isa = PBXGroup;
			children = (
				373F120A184E3A7100A4C8B7 /* weibosdkTests.m */,
				373F1205184E3A7100A4C8B7 /* Supporting Files */,
			);
			path = weibosdkTests;
			sourceTree = "<group>";
		};
		373F1205184E3A7100A4C8B7 /* Supporting Files */ = {
			isa = PBXGroup;
			children = (
				373F1206184E3A7100A4C8B7 /* weibosdkTests-Info.plist */,
				373F1207184E3A7100A4C8B7 /* InfoPlist.strings */,
				373F120C184E3A7100A4C8B7 /* weibosdkTests-Prefix.pch */,
			);
			name = "Supporting Files";
			sourceTree = "<group>";
		};
		C06BAFB114E231C4005172A9 /* include */ = {
			isa = PBXGroup;
			children = (
				C06BAFB214E231C4005172A9 /* compat.hxx */,
				C06BAFB314E231C4005172A9 /* IWeibo.hxx */,
				C06BAFB414E231C4005172A9 /* IWeiboDef.hxx */,
				C06BAFB514E231C4005172A9 /* IWeiboMethod.hxx */,
				C06BAFB614E231C4005172A9 /* ParsingObject.hxx */,
			);
			name = include;
			path = ../include;
			sourceTree = "<group>";
		};
		C06BAFBD14E231D7005172A9 /* src */ = {
			isa = PBXGroup;
			children = (
				C06BAFBE14E231D7005172A9 /* config.h */,
				C06BAFBF14E231D7005172A9 /* Inline */,
				C06BAFCE14E231D8005172A9 /* Parsing */,
				C06BAFD214E231D8005172A9 /* SDKHelper.cxx */,
				C06BAFD314E231D8005172A9 /* SDKHelper.hxx */,
				C06BAFD414E231D8005172A9 /* SDKManager.cxx */,
				C06BAFD514E231D8005172A9 /* SDKManager.hxx */,
				C06BAFD614E231D8005172A9 /* SDKMethodImpl.cxx */,
				C06BAFD714E231D8005172A9 /* SDKMethodImpl.hxx */,
				C06BAFD814E231D8005172A9 /* SDKRequest.hxx */,
			);
			name = src;
			path = ../src;
			sourceTree = "<group>";
		};
		C06BAFBF14E231D7005172A9 /* Inline */ = {
			isa = PBXGroup;
			children = (
				C06BAFC014E231D7005172A9 /* Account.inl */,
				C06BAFC114E231D7005172A9 /* Comment.inl */,
				C06BAFC214E231D8005172A9 /* DirectMessage.inl */,
				C06BAFC314E231D8005172A9 /* Favorites.inl */,
				C06BAFC414E231D8005172A9 /* FriendShip.inl */,
				C06BAFC514E231D8005172A9 /* Groups.inl */,
				C06BAFC614E231D8005172A9 /* Search.inl */,
				C06BAFC714E231D8005172A9 /* ShortURL.inl */,
				C06BAFC814E231D8005172A9 /* Statuses.inl */,
				C06BAFC914E231D8005172A9 /* Suggestions.inl */,
				C06BAFCA14E231D8005172A9 /* Tags.inl */,
				C06BAFCB14E231D8005172A9 /* Trends.inl */,
				C06BAFCC14E231D8005172A9 /* Unread.inl */,
				C06BAFCD14E231D8005172A9 /* Users.inl */,
			);
			path = Inline;
			sourceTree = "<group>";
		};
		C06BAFCE14E231D8005172A9 /* Parsing */ = {
			isa = PBXGroup;
			children = (
				C06BAFCF14E231D8005172A9 /* ParsingHandle.cxx */,
				C06BAFD014E231D8005172A9 /* ParsingHandle.hxx */,
				C06BAFD114E231D8005172A9 /* ParsingObject.cxx */,
			);
			path = Parsing;
			sourceTree = "<group>";
		};
		C0C6574D14E2308D00C9B8C8 = {
			isa = PBXGroup;
			children = (
				37DD5D38186DD37000B21C3B /* Header.h */,
				3737F0011852D276003694BE /* NSString+NSString_Extended.h */,
				3737F0021852D276003694BE /* NSString+NSString_Extended.m */,
				3744267D18521D7A0054AFF7 /* AKWeiboRequest.h */,
				3744267E18521D7A0054AFF7 /* AKWeiboRequest.m */,
				37442679185219920054AFF7 /* AKSDKHelper.h */,
				3744267A185219920054AFF7 /* AKSDKHelper.m */,
				041931A01814DD07007702FB /* AKWeiboFactory.h */,
				041931A11814DD07007702FB /* AKWeiboFactory.mm */,
				0419319C1814DA58007702FB /* AKSDKManager.h */,
				0419319D1814DA58007702FB /* AKSDKManager.mm */,
				04243FA1181233500066E24A /* AKParsingMidCallback.h */,
				0458D15A1811061A0025D660 /* AKParsingHandle.h */,
				0458D15B1811061A0025D660 /* AKParsingHandle.mm */,
				0458D1561810FC8E0025D660 /* AKParsingObject.h */,
				0458D1571810FC8E0025D660 /* AKParsingObject.mm */,
				0458D1521810F46B0025D660 /* AKWeibo.h */,
				0458D1531810F46B0025D660 /* AKWeibo.mm */,
				0458D14E1810E0280025D660 /* AKWeiboMethod.h */,
				0458D14F1810E0280025D660 /* AKWeiboMethod.mm */,
				042B569B180FB887009CC479 /* AKWeiboDef.h */,
				042B569C180FB887009CC479 /* AKWeiboDef.mm */,
				042B5697180FB332009CC479 /* AKID.h */,
				042B5698180FB332009CC479 /* AKID.mm */,
				042B5693180FB256009CC479 /* AKVariableParams.h */,
				042B5694180FB256009CC479 /* AKVariableParams.mm */,
				C0FAC16714E2819D00480D70 /* Common */,
				C06BAFB114E231C4005172A9 /* include */,
				C06BAFBD14E231D7005172A9 /* src */,
				373F1204184E3A7100A4C8B7 /* weibosdkTests */,
				373F11EC184E346C00A4C8B7 /* Frameworks */,
				C0C6575914E2308D00C9B8C8 /* Products */,
			);
			sourceTree = "<group>";
		};
		C0C6575914E2308D00C9B8C8 /* Products */ = {
			isa = PBXGroup;
			children = (
				C0C6575814E2308D00C9B8C8 /* libweibosdk.a */,
			);
			name = Products;
			sourceTree = "<group>";
		};
		C0FAC16714E2819D00480D70 /* Common */ = {
			isa = PBXGroup;
			children = (
				C0FAC16814E281BC00480D70 /* bbiconv.cc */,
				C0FAC16914E281BC00480D70 /* bbiconv.h */,
				C0FAC16A14E281BC00480D70 /* strconv.cpp */,
				C0FAC16B14E281BC00480D70 /* strconv.h */,
				C0FAC16C14E281BC00480D70 /* Urlcode.cpp */,
				C0FAC16D14E281BC00480D70 /* Urlcode.h */,
			);
			name = Common;
			sourceTree = "<group>";
		};
/* End PBXGroup section */

/* Begin PBXHeadersBuildPhase section */
		C0C6575614E2308D00C9B8C8 /* Headers */ = {
			isa = PBXHeadersBuildPhase;
			buildActionMask = 2147483647;
			files = (
				042B5699180FB332009CC479 /* AKID.h in Headers */,
				0458D15C1811061A0025D660 /* AKParsingHandle.h in Headers */,
				3744267B185219920054AFF7 /* AKSDKHelper.h in Headers */,
				3737F0031852D276003694BE /* NSString+NSString_Extended.h in Headers */,
				0458D1581810FC8E0025D660 /* AKParsingObject.h in Headers */,
				0419319E1814DA58007702FB /* AKSDKManager.h in Headers */,
				041931A21814DD07007702FB /* AKWeiboFactory.h in Headers */,
				0458D1541810F46B0025D660 /* AKWeibo.h in Headers */,
				0458D1501810E0280025D660 /* AKWeiboMethod.h in Headers */,
				042B5695180FB256009CC479 /* AKVariableParams.h in Headers */,
				042B569D180FB887009CC479 /* AKWeiboDef.h in Headers */,
				C06BAFB714E231C5005172A9 /* compat.hxx in Headers */,
				C06BAFB814E231C5005172A9 /* IWeibo.hxx in Headers */,
				C06BAFB914E231C5005172A9 /* IWeiboDef.hxx in Headers */,
				C06BAFBA14E231C5005172A9 /* IWeiboMethod.hxx in Headers */,
				C06BAFBB14E231C5005172A9 /* ParsingObject.hxx in Headers */,
				3744267F18521D7A0054AFF7 /* AKWeiboRequest.h in Headers */,
				C06BAFD914E231D8005172A9 /* config.h in Headers */,
				C06BAFDB14E231D8005172A9 /* ParsingHandle.hxx in Headers */,
				C06BAFDE14E231D8005172A9 /* SDKHelper.hxx in Headers */,
				C06BAFE014E231D8005172A9 /* SDKManager.hxx in Headers */,
				C06BAFE214E231D8005172A9 /* SDKMethodImpl.hxx in Headers */,
				C06BAFE314E231D8005172A9 /* SDKRequest.hxx in Headers */,
				C0FAC16F14E281BC00480D70 /* bbiconv.h in Headers */,
				C0FAC17114E281BC00480D70 /* strconv.h in Headers */,
				C0FAC17314E281BC00480D70 /* Urlcode.h in Headers */,
			);
			runOnlyForDeploymentPostprocessing = 0;
		};
/* End PBXHeadersBuildPhase section */

/* Begin PBXNativeTarget section */
		C0C6575714E2308D00C9B8C8 /* weibosdk */ = {
			isa = PBXNativeTarget;
			buildConfigurationList = C0C6576514E2308D00C9B8C8 /* Build configuration list for PBXNativeTarget "weibosdk" */;
			buildPhases = (
				C0C6575414E2308D00C9B8C8 /* Sources */,
				C0C6575514E2308D00C9B8C8 /* Frameworks */,
				C0C6575614E2308D00C9B8C8 /* Headers */,
			);
			buildRules = (
			);
			dependencies = (
			);
			name = weibosdk;
			productName = weibosdk;
			productReference = C0C6575814E2308D00C9B8C8 /* libweibosdk.a */;
			productType = "com.apple.product-type.library.static";
		};
/* End PBXNativeTarget section */

/* Begin PBXProject section */
		C0C6574F14E2308D00C9B8C8 /* Project object */ = {
			isa = PBXProject;
			attributes = {
				LastUpgradeCheck = 0500;
			};
			buildConfigurationList = C0C6575214E2308D00C9B8C8 /* Build configuration list for PBXProject "weibosdk" */;
			compatibilityVersion = "Xcode 3.2";
			developmentRegion = English;
			hasScannedForEncodings = 0;
			knownRegions = (
				en,
			);
			mainGroup = C0C6574D14E2308D00C9B8C8;
			productRefGroup = C0C6575914E2308D00C9B8C8 /* Products */;
			projectDirPath = "";
			projectRoot = "";
			targets = (
				C0C6575714E2308D00C9B8C8 /* weibosdk */,
			);
		};
/* End PBXProject section */

/* Begin PBXSourcesBuildPhase section */
		C0C6575414E2308D00C9B8C8 /* Sources */ = {
			isa = PBXSourcesBuildPhase;
			buildActionMask = 2147483647;
			files = (
				0458D1551810F46B0025D660 /* AKWeibo.mm in Sources */,
				042B569E180FB887009CC479 /* AKWeiboDef.mm in Sources */,
				0419319F1814DA58007702FB /* AKSDKManager.mm in Sources */,
				0458D1591810FC8E0025D660 /* AKParsingObject.mm in Sources */,
				3744267C185219920054AFF7 /* AKSDKHelper.m in Sources */,
				C06BAFDA14E231D8005172A9 /* ParsingHandle.cxx in Sources */,
				0458D1511810E0280025D660 /* AKWeiboMethod.mm in Sources */,
				C06BAFDC14E231D8005172A9 /* ParsingObject.cxx in Sources */,
				C06BAFDD14E231D8005172A9 /* SDKHelper.cxx in Sources */,
				3737F0041852D276003694BE /* NSString+NSString_Extended.m in Sources */,
				3744268018521D7A0054AFF7 /* AKWeiboRequest.m in Sources */,
				0458D15D1811061A0025D660 /* AKParsingHandle.mm in Sources */,
				C06BAFDF14E231D8005172A9 /* SDKManager.cxx in Sources */,
				C06BAFE114E231D8005172A9 /* SDKMethodImpl.cxx in Sources */,
				041931A31814DD07007702FB /* AKWeiboFactory.mm in Sources */,
				042B5696180FB256009CC479 /* AKVariableParams.mm in Sources */,
				C0FAC16E14E281BC00480D70 /* bbiconv.cc in Sources */,
				C0FAC17014E281BC00480D70 /* strconv.cpp in Sources */,
				042B569A180FB332009CC479 /* AKID.mm in Sources */,
				C0FAC17214E281BC00480D70 /* Urlcode.cpp in Sources */,
			);
			runOnlyForDeploymentPostprocessing = 0;
		};
/* End PBXSourcesBuildPhase section */

/* Begin PBXVariantGroup section */
		373F1207184E3A7100A4C8B7 /* InfoPlist.strings */ = {
			isa = PBXVariantGroup;
			children = (
				373F1208184E3A7100A4C8B7 /* en */,
			);
			name = InfoPlist.strings;
			sourceTree = "<group>";
		};
/* End PBXVariantGroup section */

/* Begin XCBuildConfiguration section */
		C0C6576314E2308D00C9B8C8 /* Debug */ = {
			isa = XCBuildConfiguration;
			buildSettings = {
				ALWAYS_SEARCH_USER_PATHS = NO;
				CLANG_ENABLE_OBJC_ARC = YES;
				CLANG_WARN_BOOL_CONVERSION = YES;
				CLANG_WARN_CONSTANT_CONVERSION = YES;
				CLANG_WARN_EMPTY_BODY = YES;
				CLANG_WARN_ENUM_CONVERSION = YES;
				CLANG_WARN_INT_CONVERSION = YES;
				CLANG_WARN__DUPLICATE_METHOD_MATCH = YES;
				COPY_PHASE_STRIP = NO;
				GCC_C_LANGUAGE_STANDARD = gnu99;
				GCC_DYNAMIC_NO_PIC = NO;
				GCC_OPTIMIZATION_LEVEL = 0;
				GCC_PREPROCESSOR_DEFINITIONS = (
					"DEBUG=1",
					"$(inherited)",
				);
				GCC_SYMBOLS_PRIVATE_EXTERN = NO;
				GCC_VERSION = com.apple.compilers.llvm.clang.1_0;
				GCC_WARN_64_TO_32_BIT_CONVERSION = YES;
				GCC_WARN_ABOUT_MISSING_PROTOTYPES = YES;
				GCC_WARN_ABOUT_RETURN_TYPE = YES;
				GCC_WARN_UNDECLARED_SELECTOR = YES;
				GCC_WARN_UNINITIALIZED_AUTOS = YES;
				GCC_WARN_UNUSED_FUNCTION = YES;
				GCC_WARN_UNUSED_VARIABLE = YES;
				IPHONEOS_DEPLOYMENT_TARGET = 4.0;
				ONLY_ACTIVE_ARCH = YES;
				SDKROOT = macosx;
			};
			name = Debug;
		};
		C0C6576414E2308D00C9B8C8 /* Release */ = {
			isa = XCBuildConfiguration;
			buildSettings = {
				ALWAYS_SEARCH_USER_PATHS = NO;
				CLANG_ENABLE_OBJC_ARC = YES;
				CLANG_WARN_BOOL_CONVERSION = YES;
				CLANG_WARN_CONSTANT_CONVERSION = YES;
				CLANG_WARN_EMPTY_BODY = YES;
				CLANG_WARN_ENUM_CONVERSION = YES;
				CLANG_WARN_INT_CONVERSION = YES;
				CLANG_WARN__DUPLICATE_METHOD_MATCH = YES;
				COPY_PHASE_STRIP = YES;
				GCC_C_LANGUAGE_STANDARD = gnu99;
				GCC_VERSION = com.apple.compilers.llvm.clang.1_0;
				GCC_WARN_64_TO_32_BIT_CONVERSION = YES;
				GCC_WARN_ABOUT_MISSING_PROTOTYPES = YES;
				GCC_WARN_ABOUT_RETURN_TYPE = YES;
				GCC_WARN_UNDECLARED_SELECTOR = YES;
				GCC_WARN_UNINITIALIZED_AUTOS = YES;
				GCC_WARN_UNUSED_FUNCTION = YES;
				GCC_WARN_UNUSED_VARIABLE = YES;
				IPHONEOS_DEPLOYMENT_TARGET = 4.0;
				SDKROOT = macosx;
				VALIDATE_PRODUCT = YES;
			};
			name = Release;
		};
		C0C6576614E2308D00C9B8C8 /* Debug */ = {
			isa = XCBuildConfiguration;
			buildSettings = {
				ARCHS = "$(ARCHS_STANDARD)";
				DEPLOYMENT_LOCATION = YES;
				DSTROOT = "$(SRCROOT)/../";
				GCC_PRECOMPILE_PREFIX_HEADER = NO;
				GCC_PREFIX_HEADER = "";
				HEADER_SEARCH_PATHS = (
					"$(SRCROOT)/../",
					"$(SRCROOT)/../third-party/include",
					"$(SRCROOT)/../third-party/include/libutil",
					"$(SRCROOT)/../third-party/common",
				);
				INSTALL_PATH = "/lib/MacOS/$(CURRENT_ARCH)";
				ONLY_ACTIVE_ARCH = NO;
				OTHER_LDFLAGS = "-ObjC";
				PRODUCT_NAME = "$(TARGET_NAME)";
				PUBLIC_HEADERS_FOLDER_PATH = /include;
				SDKROOT = macosx;
				SKIP_INSTALL = NO;
				USER_HEADER_SEARCH_PATHS = "$(SRCROOT)/../third-party/include";
			};
			name = Debug;
		};
		C0C6576714E2308D00C9B8C8 /* Release */ = {
			isa = XCBuildConfiguration;
			buildSettings = {
				ARCHS = "$(ARCHS_STANDARD)";
				DEPLOYMENT_LOCATION = YES;
				DSTROOT = "$(SRCROOT)/../";
				GCC_PRECOMPILE_PREFIX_HEADER = NO;
				GCC_PREFIX_HEADER = "";
				HEADER_SEARCH_PATHS = (
					"$(SRCROOT)/../",
					"$(SRCROOT)/../third-party/include",
					"$(SRCROOT)/../third-party/include/libutil",
					"$(SRCROOT)/../third-party/common",
				);
				INSTALL_PATH = "/lib/MacOS/$(CURRENT_ARCH)";
				ONLY_ACTIVE_ARCH = NO;
				OTHER_LDFLAGS = "-ObjC";
				PRODUCT_NAME = "$(TARGET_NAME)";
				PUBLIC_HEADERS_FOLDER_PATH = /include;
				SDKROOT = macosx;
				SKIP_INSTALL = NO;
				USER_HEADER_SEARCH_PATHS = "$(SRCROOT)/../third-party/include";
			};
			name = Release;
		};
/* End XCBuildConfiguration section */

/* Begin XCConfigurationList section */
		C0C6575214E2308D00C9B8C8 /* Build configuration list for PBXProject "weibosdk" */ = {
			isa = XCConfigurationList;
			buildConfigurations = (
				C0C6576314E2308D00C9B8C8 /* Debug */,
				C0C6576414E2308D00C9B8C8 /* Release */,
			);
			defaultConfigurationIsVisible = 0;
			defaultConfigurationName = Release;
		};
		C0C6576514E2308D00C9B8C8 /* Build configuration list for PBXNativeTarget "weibosdk" */ = {
			isa = XCConfigurationList;
			buildConfigurations = (
				C0C6576614E2308D00C9B8C8 /* Debug */,
				C0C6576714E2308D00C9B8C8 /* Release */,
			);
			defaultConfigurationIsVisible = 0;
			defaultConfigurationName = Release;
		};
/* End XCConfigurationList section */
	};
	rootObject = C0C6574F14E2308D00C9B8C8 /* Project object */;
}
